{
  "name": "eonet-react-map",
  "requires": true,
  "lockfileVersion": 1,
  "dependencies": {
    "@googlemaps/js-api-loader": {
      "version": "1.11.1",
      "resolved": "https://registry.npmjs.org/@googlemaps/js-api-loader/-/js-api-loader-1.11.1.tgz",
      "integrity": "sha512-2ug4uBu0onRXTAo7Yxkay5N7pdNIz3XpTElMTLdCtEfQDxikbjeR6GS8atVhblX+ubFBNlXvDzz7VtuXv0vMRQ==",
      "requires": {
        "fast-deep-equal": "^3.1.3"
      }
    },
    "@iconify-icons/carbon": {
      "version": "1.1.0",
      "resolved": "https://registry.npmjs.org/@iconify-icons/carbon/-/carbon-1.1.0.tgz",
      "integrity": "sha512-CYsmNeQHNJLQEvNhePDG0rgdcwV9NyiHxqbcGjNc8+L9PZ4uYSb4Y5B+sg/mydhKZosHL1mXy8sJ3soAFzS9ag==",
      "dev": true
    },
    "@iconify-icons/openmoji": {
      "version": "1.1.0",
      "resolved": "https://registry.npmjs.org/@iconify-icons/openmoji/-/openmoji-1.1.0.tgz",
      "integrity": "sha512-l9A7w9G2Lakftm4fFX4tr8e76Qx9/C/rn1XJuZzWhDVpeN/z2r0ef6B5Q1xUm43Ux0mgmoyWqbeQwb4S3XIvbA==",
      "dev": true
    },
    "@iconify-icons/ri": {
      "version": "1.1.0",
      "resolved": "https://registry.npmjs.org/@iconify-icons/ri/-/ri-1.1.0.tgz",
      "integrity": "sha512-9773shGDNQ5XwULVRFGIl6lYEEML0C2jUJE0tuGl7G2oEl3mh8bnLUdt0l3ntlONaN5F4swoSDP27P5j8ezyeA==",
      "dev": true
    },
    "@iconify-icons/twemoji": {
      "version": "1.1.0",
      "resolved": "https://registry.npmjs.org/@iconify-icons/twemoji/-/twemoji-1.1.0.tgz",
      "integrity": "sha512-w+QXEzD5VxFvEYwtxYh7X+7SK+0tIJ0fkF50by50SrUdIqauu310Fit1tbj1QGRukyMX+jdEl5ZQvTAjvKUPJA==",
      "dev": true
    },
    "@iconify/react": {
      "version": "1.1.3",
      "resolved": "https://registry.npmjs.org/@iconify/react/-/react-1.1.3.tgz",
      "integrity": "sha512-ReZNJyr89AfED6XZIXkhsJiNv2taT3j1cTo1HVPHMsrKOz6gAYdXtD2kDWF6+GVoFUxpmnO0fMcA6yCyTf6Tow==",
      "dev": true
    },
    "@mapbox/point-geometry": {
      "version": "0.1.0",
      "resolved": "https://registry.npmjs.org/@mapbox/point-geometry/-/point-geometry-0.1.0.tgz",
      "integrity": "sha1-ioP5M1x4YO/6Lu7KJUMyqgru2PI="
    },
    "@types/google-map-react": {
      "version": "2.1.0",
      "resolved": "https://registry.npmjs.org/@types/google-map-react/-/google-map-react-2.1.0.tgz",
      "integrity": "sha512-HQF008Q8UKBBZu2T2++P5vx71IE52R2bHgmaKV8n6V5gyZIcrjsAe1OjIbgIN68aqjeo99N0/f10rYRyf2gTAA==",
      "dev": true,
      "requires": {
        "@types/react": "*"
      }
    },
    "@types/prop-types": {
      "version": "15.7.3",
      "resolved": "https://registry.npmjs.org/@types/prop-types/-/prop-types-15.7.3.tgz",
      "integrity": "sha512-KfRL3PuHmqQLOG+2tGpRO26Ctg+Cq1E01D2DMriKEATHgWLfeNDmq9e29Q9WIky0dQ3NPkd1mzYH8Lm936Z9qw==",
      "dev": true
    },
    "@types/react": {
      "version": "16.14.2",
      "resolved": "https://registry.npmjs.org/@types/react/-/react-16.14.2.tgz",
      "integrity": "sha512-BzzcAlyDxXl2nANlabtT4thtvbbnhee8hMmH/CcJrISDBVcJS1iOsP1f0OAgSdGE0MsY9tqcrb9YoZcOFv9dbQ==",
      "dev": true,
      "requires": {
        "@types/prop-types": "*",
        "csstype": "^3.0.2"
      }
    },
    "axios": {
      "version": "0.21.0",
      "resolved": "https://registry.npmjs.org/axios/-/axios-0.21.0.tgz",
      "integrity": "sha512-fmkJBknJKoZwem3/IKSSLpkdNXZeBu5Q7GA/aRsr2btgrptmSCxi2oFjZHqGdK9DoTil9PIHlPIZw2EcRJXRvw==",
      "requires": {
        "follow-redirects": "^1.10.0"
      }
    },
    "csstype": {
      "version": "3.0.5",
      "resolved": "https://registry.npmjs.org/csstype/-/csstype-3.0.5.tgz",
      "integrity": "sha512-uVDi8LpBUKQj6sdxNaTetL6FpeCqTjOvAQuQUa/qAqq8oOd4ivkbhgnqayl0dnPal8Tb/yB1tF+gOvCBiicaiQ==",
      "dev": true
    },
    "eventemitter3": {
      "version": "4.0.7",
      "resolved": "https://registry.npmjs.org/eventemitter3/-/eventemitter3-4.0.7.tgz",
      "integrity": "sha512-8guHBZCwKnFhYdHr2ysuRWErTwhoN2X8XELRlrRwpmfeY2jjuUN4taQMsULKUVo1K4DvZl+0pgfyoysHxvmvEw=="
    },
    "fast-deep-equal": {
      "version": "3.1.3",
      "resolved": "https://registry.npmjs.org/fast-deep-equal/-/fast-deep-equal-3.1.3.tgz",
      "integrity": "sha512-f3qQ9oQy9j2AhBe/H9VC91wLmKBCCU/gDOnKNAYG5hswO7BLKj09Hc5HYNz9cGI++xlpDCIgDaitVs03ATR84Q=="
    },
    "follow-redirects": {
      "version": "1.13.0",
      "resolved": "https://registry.npmjs.org/follow-redirects/-/follow-redirects-1.13.0.tgz",
      "integrity": "sha512-aq6gF1BEKje4a9i9+5jimNFIpq4Q1WiwBToeRK5NvZBd/TRsmW8BsJfOEGkr76TbOyPVD3OVDN910EcUNtRYEA=="
    },
    "google-map-react": {
      "version": "2.1.9",
      "resolved": "https://registry.npmjs.org/google-map-react/-/google-map-react-2.1.9.tgz",
      "integrity": "sha512-//Pa0o6sdspU2H0ehVztSDQSnYYeV6TY4Z6ftty34yiCJYLliOzeq17dA9uFkyUFdL+XwbTU6e9mfs+bjBMIzw==",
      "requires": {
        "@googlemaps/js-api-loader": "^1.7.0",
        "@mapbox/point-geometry": "^0.1.0",
        "eventemitter3": "^4.0.4",
        "prop-types": "^15.7.2"
      }
    },
    "js-tokens": {
      "version": "4.0.0",
      "resolved": "https://registry.npmjs.org/js-tokens/-/js-tokens-4.0.0.tgz",
      "integrity": "sha512-RdJUflcE3cUzKiMqQgsCu06FPu9UdIJO0beYbPhHN4k6apgJtifcoCtT9bcxOpYBtpD2kCM6Sbzg4CausW/PKQ=="
    },
    "loose-envify": {
      "version": "1.4.0",
      "resolved": "https://registry.npmjs.org/loose-envify/-/loose-envify-1.4.0.tgz",
      "integrity": "sha512-lyuxPGr/Wfhrlem2CL/UcnUc1zcqKAImBDzukY7Y5F/yQiNdko6+fRLevlw1HgMySw7f611UIY408EtxRSoK3Q==",
      "requires": {
        "js-tokens": "^3.0.0 || ^4.0.0"
      }
    },
    "object-assign": {
      "version": "4.1.1",
      "resolved": "https://registry.npmjs.org/object-assign/-/object-assign-4.1.1.tgz",
      "integrity": "sha1-IQmtx5ZYh8/AXLvUQsrIv7s2CGM="
    },
    "prop-types": {
      "version": "15.7.2",
      "resolved": "https://registry.npmjs.org/prop-types/-/prop-types-15.7.2.tgz",
      "integrity": "sha512-8QQikdH7//R2vurIJSutZ1smHYTcLpRWEOlHnzcWHmBYrOGUysKwSsrC89BCiFj3CbrfJ/nXFdJepOVrY1GCHQ==",
      "requires": {
        "loose-envify": "^1.4.0",
        "object-assign": "^4.1.1",
        "react-is": "^16.8.1"
      },
      "dependencies": {
        "react-is": {
          "version": "16.13.1",
          "resolved": "https://registry.npmjs.org/react-is/-/react-is-16.13.1.tgz",
          "integrity": "sha512-24e6ynE2H+OKt4kqsOvNd8kBpV65zoxbA4BVsEOB3ARVWQki/DHzaUoC5KuON/BiccDaCCTZBuOcfZs70kR8bQ=="
        }
      }
    },
    "react": {
      "version": "17.0.1",
      "resolved": "https://registry.npmjs.org/react/-/react-17.0.1.tgz",
      "integrity": "sha512-lG9c9UuMHdcAexXtigOZLX8exLWkW0Ku29qPRU8uhF2R9BN96dLCt0psvzPLlHc5OWkgymP3qwTRgbnw5BKx3w==",
      "requires": {
        "loose-envify": "^1.1.0",
        "object-assign": "^4.1.1"
      }
    },
    "typescript": {
      "version": "4.1.2",
      "resolved": "https://registry.npmjs.org/typescript/-/typescript-4.1.2.tgz",
      "integrity": "sha512-thGloWsGH3SOxv1SoY7QojKi0tc+8FnOmiarEGMbd/lar7QOEd3hvlx3Fp5y6FlDUGl9L+pd4n2e+oToGMmhRQ==",
      "dev": true
    }
  }
}
